
Microsoft Visual Studio Solution File, Format Version 12.00
# Visual Studio Version 16
VisualStudioVersion = 16.0.31424.327
MinimumVisualStudioVersion = 10.0.40219.1
Project("{9A19103F-16F7-4668-BE54-9A1E7A4F7556}") = "SkuciSeAPI", "SkuciSeAPI\SkuciSeAPI.csproj", "{CD3B4603-E89F-4800-9EAA-2910B40686ED}"
EndProject
Project("{2150E333-8FDC-42A3-9474-1A3956D46DE8}") = "Solution Items", "Solution Items", "{79F69B4B-37DD-418D-8F48-310CD7E0509D}"
	ProjectSection(SolutionItems) = preProject
		.editorconfig = .editorconfig
	EndProjectSection
EndProject
Global
	GlobalSection(SolutionConfigurationPlatforms) = preSolution
		Debug|Any CPU = Debug|Any CPU
		Release|Any CPU = Release|Any CPU
	EndGlobalSection
	GlobalSection(ProjectConfigurationPlatforms) = postSolution
		{CD3B4603-E89F-4800-9EAA-2910B40686ED}.Debug|Any CPU.ActiveCfg = Debug|Any CPU
		{CD3B4603-E89F-4800-9EAA-2910B40686ED}.Debug|Any CPU.Build.0 = Debug|Any CPU
		{CD3B4603-E89F-4800-9EAA-2910B40686ED}.Release|Any CPU.ActiveCfg = Release|Any CPU
		{CD3B4603-E89F-4800-9EAA-2910B40686ED}.Release|Any CPU.Build.0 = Release|Any CPU
	EndGlobalSection
	GlobalSection(SolutionProperties) = preSolution
		HideSolutionNode = FALSE
	EndGlobalSection
	GlobalSection(ExtensibilityGlobals) = postSolution
		SolutionGuid = {8EE64C39-6CC8-45E2-8817-7DDD3FB40E20}
	EndGlobalSection
EndGlobal
